
Microsoft Visual Studio Solution File, Format Version 12.00
# Visual Studio Version 17
VisualStudioVersion = 17.13.35825.156 d17.13
MinimumVisualStudioVersion = 10.0.40219.1
Project("{FAE04EC0-301F-11D3-BF4B-00C04F79EFBC}") = "Appdev1", "Appdev1\Appdev1.csproj", "{44279495-56D4-401E-BC77-70C3A94FC7EC}"
EndProject
Global
	GlobalSection(SolutionConfigurationPlatforms) = preSolution
		Debug|Any CPU = Debug|Any CPU
		Release|Any CPU = Release|Any CPU
	EndGlobalSection
	GlobalSection(ProjectConfigurationPlatforms) = postSolution
		{44279495-56D4-401E-BC77-70C3A94FC7EC}.Debug|Any CPU.ActiveCfg = Debug|Any CPU
		{44279495-56D4-401E-BC77-70C3A94FC7EC}.Debug|Any CPU.Build.0 = Debug|Any CPU
		{44279495-56D4-401E-BC77-70C3A94FC7EC}.Release|Any CPU.ActiveCfg = Release|Any CPU
		{44279495-56D4-401E-BC77-70C3A94FC7EC}.Release|Any CPU.Build.0 = Release|Any CPU
	EndGlobalSection
	GlobalSection(SolutionProperties) = preSolution
		HideSolutionNode = FALSE
	EndGlobalSection
	GlobalSection(ExtensibilityGlobals) = postSolution
		SolutionGuid = {0FB291C9-4C6B-432B-A52B-596323BB786F}
	EndGlobalSection
EndGlobal
